
Microsoft Visual Studio Solution File, Format Version 12.00
# Visual Studio Version 17
VisualStudioVersion = 17.14.36310.24
MinimumVisualStudioVersion = 10.0.40219.1
Project("{FAE04EC0-301F-11D3-BF4B-00C04F79EFBC}") = "EFTest", "EFTest\EFTest.csproj", "{18FCDB2E-2D05-4AEC-95A3-1B1601F819CC}"
EndProject
Global
	GlobalSection(SolutionConfigurationPlatforms) = preSolution
		Debug|Any CPU = Debug|Any CPU
		Release|Any CPU = Release|Any CPU
	EndGlobalSection
	GlobalSection(ProjectConfigurationPlatforms) = postSolution
		{18FCDB2E-2D05-4AEC-95A3-1B1601F819CC}.Debug|Any CPU.ActiveCfg = Debug|Any CPU
		{18FCDB2E-2D05-4AEC-95A3-1B1601F819CC}.Debug|Any CPU.Build.0 = Debug|Any CPU
		{18FCDB2E-2D05-4AEC-95A3-1B1601F819CC}.Release|Any CPU.ActiveCfg = Release|Any CPU
		{18FCDB2E-2D05-4AEC-95A3-1B1601F819CC}.Release|Any CPU.Build.0 = Release|Any CPU
	EndGlobalSection
	GlobalSection(SolutionProperties) = preSolution
		HideSolutionNode = FALSE
	EndGlobalSection
	GlobalSection(ExtensibilityGlobals) = postSolution
		SolutionGuid = {C5326324-7395-4D47-9F94-A8326B68AFF2}
	EndGlobalSection
EndGlobal
